
Microsoft Visual Studio Solution File, Format Version 12.00
# Visual Studio Version 16
VisualStudioVersion = 16.0.30128.74
MinimumVisualStudioVersion = 10.0.40219.1
Project("{FAE04EC0-301F-11D3-BF4B-00C04F79EFBC}") = "Organize", "Organize\Organize.csproj", "{AA3DC12C-793D-4162-8D92-C4169D7BC33D}"
EndProject
Global
	GlobalSection(SolutionConfigurationPlatforms) = preSolution
		Debug|Any CPU = Debug|Any CPU
		Release|Any CPU = Release|Any CPU
	EndGlobalSection
	GlobalSection(ProjectConfigurationPlatforms) = postSolution
		{AA3DC12C-793D-4162-8D92-C4169D7BC33D}.Debug|Any CPU.ActiveCfg = Debug|Any CPU
		{AA3DC12C-793D-4162-8D92-C4169D7BC33D}.Debug|Any CPU.Build.0 = Debug|Any CPU
		{AA3DC12C-793D-4162-8D92-C4169D7BC33D}.Release|Any CPU.ActiveCfg = Release|Any CPU
		{AA3DC12C-793D-4162-8D92-C4169D7BC33D}.Release|Any CPU.Build.0 = Release|Any CPU
	EndGlobalSection
	GlobalSection(SolutionProperties) = preSolution
		HideSolutionNode = FALSE
	EndGlobalSection
	GlobalSection(ExtensibilityGlobals) = postSolution
		SolutionGuid = {33B9D02E-0644-46FF-BA16-EA9614A2A35B}
	EndGlobalSection
EndGlobal
